
Microsoft Visual Studio Solution File, Format Version 12.00
# Visual Studio Version 17
VisualStudioVersion = 17.1.32228.430
MinimumVisualStudioVersion = 10.0.40219.1
Project("{FAE04EC0-301F-11D3-BF4B-00C04F79EFBC}") = "Tema3Databases", "Tema3Databases\Tema3Databases.csproj", "{1397238A-A50C-4310-AD1B-F11A4B612772}"
EndProject
Global
	GlobalSection(SolutionConfigurationPlatforms) = preSolution
		Debug|Any CPU = Debug|Any CPU
		Release|Any CPU = Release|Any CPU
	EndGlobalSection
	GlobalSection(ProjectConfigurationPlatforms) = postSolution
		{1397238A-A50C-4310-AD1B-F11A4B612772}.Debug|Any CPU.ActiveCfg = Debug|Any CPU
		{1397238A-A50C-4310-AD1B-F11A4B612772}.Debug|Any CPU.Build.0 = Debug|Any CPU
		{1397238A-A50C-4310-AD1B-F11A4B612772}.Release|Any CPU.ActiveCfg = Release|Any CPU
		{1397238A-A50C-4310-AD1B-F11A4B612772}.Release|Any CPU.Build.0 = Release|Any CPU
	EndGlobalSection
	GlobalSection(SolutionProperties) = preSolution
		HideSolutionNode = FALSE
	EndGlobalSection
	GlobalSection(ExtensibilityGlobals) = postSolution
		SolutionGuid = {099CDEB0-B2EF-40F8-AFD1-DCD710ADB9CA}
	EndGlobalSection
EndGlobal
