
Microsoft Visual Studio Solution File, Format Version 12.00
# Visual Studio Version 17
VisualStudioVersion = 17.1.32228.430
MinimumVisualStudioVersion = 10.0.40219.1
Project("{FAE04EC0-301F-11D3-BF4B-00C04F79EFBC}") = "WebCarDealership", "WebCarDealership\WebCarDealership.csproj", "{7DCA26EB-1C0F-4AF7-B689-142709E927DC}"
EndProject
Project("{FAE04EC0-301F-11D3-BF4B-00C04F79EFBC}") = "CarDealership.Data", "CarDealership.Data\CarDealership.Data.csproj", "{C24017F9-AEAE-422F-AF6F-D9E0234BF7E2}"
EndProject
Global
	GlobalSection(SolutionConfigurationPlatforms) = preSolution
		Debug|Any CPU = Debug|Any CPU
		Release|Any CPU = Release|Any CPU
	EndGlobalSection
	GlobalSection(ProjectConfigurationPlatforms) = postSolution
		{7DCA26EB-1C0F-4AF7-B689-142709E927DC}.Debug|Any CPU.ActiveCfg = Debug|Any CPU
		{7DCA26EB-1C0F-4AF7-B689-142709E927DC}.Debug|Any CPU.Build.0 = Debug|Any CPU
		{7DCA26EB-1C0F-4AF7-B689-142709E927DC}.Release|Any CPU.ActiveCfg = Release|Any CPU
		{7DCA26EB-1C0F-4AF7-B689-142709E927DC}.Release|Any CPU.Build.0 = Release|Any CPU
		{C24017F9-AEAE-422F-AF6F-D9E0234BF7E2}.Debug|Any CPU.ActiveCfg = Debug|Any CPU
		{C24017F9-AEAE-422F-AF6F-D9E0234BF7E2}.Debug|Any CPU.Build.0 = Debug|Any CPU
		{C24017F9-AEAE-422F-AF6F-D9E0234BF7E2}.Release|Any CPU.ActiveCfg = Release|Any CPU
		{C24017F9-AEAE-422F-AF6F-D9E0234BF7E2}.Release|Any CPU.Build.0 = Release|Any CPU
	EndGlobalSection
	GlobalSection(SolutionProperties) = preSolution
		HideSolutionNode = FALSE
	EndGlobalSection
	GlobalSection(ExtensibilityGlobals) = postSolution
		SolutionGuid = {00A25490-7BE0-48F0-BD0E-D5AA6DD9121F}
	EndGlobalSection
EndGlobal
